<?xml version="1.0" encoding="utf-8"?>
<Project ToolsVersion="4.0" xmlns="http://schemas.microsoft.com/developer/msbuild/2003">
  <ItemGroup>
    <Filter Include="Source Files">
      <UniqueIdentifier>{4FC737F1-C7A5-4376-A066-2A32D752A2FF}</UniqueIdentifier>
      <Extensions>cpp;c;cc;cxx;def;odl;idl;hpj;bat;asm;asmx</Extensions>
    </Filter>
    <Filter Include="Header Files">
      <UniqueIdentifier>{93995380-89BD-4b04-88EB-625FBE52EBFB}</UniqueIdentifier>
      <Extensions>h;hpp;hxx;hm;inl;inc;xsd</Extensions>
    </Filter>
    <Filter Include="Resource Files">
      <UniqueIdentifier>{67DA6AB6-F800-4c08-8B7A-83BB121AAD01}</UniqueIdentifier>
      <Extensions>rc;ico;cur;bmp;dlg;rc2;rct;bin;rgs;gif;jpg;jpeg;jpe;resx;tiff;tif;png;wav;mfcribbon-ms</Extensions>
    </Filter>
    <Filter Include="Helper">
      <UniqueIdentifier>{8b118f54-0991-424c-abe5-420bdd945193}</UniqueIdentifier>
    </Filter>
    <Filter Include="CodeGenerator">
      <UniqueIdentifier>{4891a1c0-0161-45e7-aab0-ea63e3fa9430}</UniqueIdentifier>
    </Filter>
    <Filter Include="Loader">
      <UniqueIdentifier>{93b270fb-1a6d-48ec-bb47-7e48df3148fc}</UniqueIdentifier>
    </Filter>
  </ItemGroup>
  <ItemGroup>
    <ClInclude Include="..\Include\targetver.h">
      <Filter>Header Files</Filter>
    </ClInclude>
    <ClInclude Include="..\Include\light-excel.hpp">
      <Filter>Header Files</Filter>
    </ClInclude>
    <ClInclude Include="..\Include\ExcelHelper.h">
      <Filter>Helper</Filter>
    </ClInclude>
    <ClInclude Include="..\Include\ExcelToXMLCodeGenerator.h">
      <Filter>CodeGenerator</Filter>
    </ClInclude>
    <ClInclude Include="..\Include\ExcelLoader.h">
      <Filter>Loader</Filter>
    </ClInclude>
  </ItemGroup>
  <ItemGroup>
    <ClCompile Include="light-excel.cpp">
      <Filter>Source Files</Filter>
    </ClCompile>
    <ClCompile Include="ExcelHelper.cpp">
      <Filter>Helper</Filter>
    </ClCompile>
    <ClCompile Include="ExcelToXMLCodeGenerator.cpp">
      <Filter>CodeGenerator</Filter>
    </ClCompile>
    <ClCompile Include="ExcelLoader.cpp">
      <Filter>Loader</Filter>
    </ClCompile>
  </ItemGroup>
</Project>