
Microsoft Visual Studio Solution File, Format Version 12.00
# Visual Studio 14
VisualStudioVersion = 14.0.24720.0
MinimumVisualStudioVersion = 10.0.40219.1
Project("{8BC9CEB8-8B4A-11D0-8D11-00A0C91BC942}") = "light-view", "Src\light-view.vcxproj", "{9EE26FBD-F027-43E5-ADFB-DCC3D97E6B58}"
	ProjectSection(ProjectDependencies) = postProject
		{1F0BAD05-FD7A-4ED2-AB46-DFDC00C1A61C} = {1F0BAD05-FD7A-4ED2-AB46-DFDC00C1A61C}
	EndProjectSection
EndProject
Project("{8BC9CEB8-8B4A-11D0-8D11-00A0C91BC942}") = "3DTest", "3DTest\3DTest.vcxproj", "{18B1E8DA-924A-4D28-A48D-62E618884167}"
	ProjectSection(ProjectDependencies) = postProject
		{1F0BAD05-FD7A-4ED2-AB46-DFDC00C1A61C} = {1F0BAD05-FD7A-4ED2-AB46-DFDC00C1A61C}
	EndProjectSection
EndProject
Project("{8BC9CEB8-8B4A-11D0-8D11-00A0C91BC942}") = "2DTest", "2DTest\2DTest.vcxproj", "{43215A7B-F11C-44B7-B377-283AC855F300}"
	ProjectSection(ProjectDependencies) = postProject
		{1F0BAD05-FD7A-4ED2-AB46-DFDC00C1A61C} = {1F0BAD05-FD7A-4ED2-AB46-DFDC00C1A61C}
		{9EE26FBD-F027-43E5-ADFB-DCC3D97E6B58} = {9EE26FBD-F027-43E5-ADFB-DCC3D97E6B58}
	EndProjectSection
EndProject
Project("{8BC9CEB8-8B4A-11D0-8D11-00A0C91BC942}") = "3DAnimationTest", "3DAnimationTest\3DAnimationTest.vcxproj", "{71A8DBB6-2530-4BCE-8BA3-FCE3EA139916}"
	ProjectSection(ProjectDependencies) = postProject
		{1F0BAD05-FD7A-4ED2-AB46-DFDC00C1A61C} = {1F0BAD05-FD7A-4ED2-AB46-DFDC00C1A61C}
		{9EE26FBD-F027-43E5-ADFB-DCC3D97E6B58} = {9EE26FBD-F027-43E5-ADFB-DCC3D97E6B58}
	EndProjectSection
EndProject
Project("{8BC9CEB8-8B4A-11D0-8D11-00A0C91BC942}") = "Cropper", "Cropper\Cropper.vcxproj", "{741F17CE-D84F-46A8-AE5A-88C4DF8AF9B7}"
	ProjectSection(ProjectDependencies) = postProject
		{1F0BAD05-FD7A-4ED2-AB46-DFDC00C1A61C} = {1F0BAD05-FD7A-4ED2-AB46-DFDC00C1A61C}
		{9EE26FBD-F027-43E5-ADFB-DCC3D97E6B58} = {9EE26FBD-F027-43E5-ADFB-DCC3D97E6B58}
	EndProjectSection
EndProject
Project("{8BC9CEB8-8B4A-11D0-8D11-00A0C91BC942}") = "TileMouseTest", "TileMouseTest\TileMouseTest.vcxproj", "{2D7132E0-4F9D-42A5-8420-D52782E38F09}"
	ProjectSection(ProjectDependencies) = postProject
		{1F0BAD05-FD7A-4ED2-AB46-DFDC00C1A61C} = {1F0BAD05-FD7A-4ED2-AB46-DFDC00C1A61C}
		{9EE26FBD-F027-43E5-ADFB-DCC3D97E6B58} = {9EE26FBD-F027-43E5-ADFB-DCC3D97E6B58}
	EndProjectSection
EndProject
Project("{8BC9CEB8-8B4A-11D0-8D11-00A0C91BC942}") = "2DAnimationTest", "2DAnimationTest\2DAnimationTest.vcxproj", "{B787B516-EEF2-4EEB-9CEE-B421B0BEEA6F}"
	ProjectSection(ProjectDependencies) = postProject
		{1F0BAD05-FD7A-4ED2-AB46-DFDC00C1A61C} = {1F0BAD05-FD7A-4ED2-AB46-DFDC00C1A61C}
		{9EE26FBD-F027-43E5-ADFB-DCC3D97E6B58} = {9EE26FBD-F027-43E5-ADFB-DCC3D97E6B58}
	EndProjectSection
EndProject
Project("{8BC9CEB8-8B4A-11D0-8D11-00A0C91BC942}") = "TileKeyboardTest", "TileKeyboardTest\TileKeyboardTest.vcxproj", "{0F795592-5C76-42E8-96EC-7B9E21D112F0}"
	ProjectSection(ProjectDependencies) = postProject
		{1F0BAD05-FD7A-4ED2-AB46-DFDC00C1A61C} = {1F0BAD05-FD7A-4ED2-AB46-DFDC00C1A61C}
		{9EE26FBD-F027-43E5-ADFB-DCC3D97E6B58} = {9EE26FBD-F027-43E5-ADFB-DCC3D97E6B58}
	EndProjectSection
EndProject
Project("{8BC9CEB8-8B4A-11D0-8D11-00A0C91BC942}") = "ButtonTest", "ButtonTest\ButtonTest.vcxproj", "{50B110B7-2E0B-4107-A034-9F2C6391B6A2}"
	ProjectSection(ProjectDependencies) = postProject
		{1F0BAD05-FD7A-4ED2-AB46-DFDC00C1A61C} = {1F0BAD05-FD7A-4ED2-AB46-DFDC00C1A61C}
		{9EE26FBD-F027-43E5-ADFB-DCC3D97E6B58} = {9EE26FBD-F027-43E5-ADFB-DCC3D97E6B58}
	EndProjectSection
EndProject
Project("{8BC9CEB8-8B4A-11D0-8D11-00A0C91BC942}") = "ListBoxTest", "ListBoxTest\ListBoxTest.vcxproj", "{BBC8DB77-9128-4A32-B9EC-61A7D25D816F}"
	ProjectSection(ProjectDependencies) = postProject
		{1F0BAD05-FD7A-4ED2-AB46-DFDC00C1A61C} = {1F0BAD05-FD7A-4ED2-AB46-DFDC00C1A61C}
		{9EE26FBD-F027-43E5-ADFB-DCC3D97E6B58} = {9EE26FBD-F027-43E5-ADFB-DCC3D97E6B58}
	EndProjectSection
EndProject
Project("{8BC9CEB8-8B4A-11D0-8D11-00A0C91BC942}") = "PrimitiveTest", "PrimitiveTest\PrimitiveTest.vcxproj", "{CE22F268-5073-4B30-9CC7-2E6FFF00B3C4}"
	ProjectSection(ProjectDependencies) = postProject
		{1F0BAD05-FD7A-4ED2-AB46-DFDC00C1A61C} = {1F0BAD05-FD7A-4ED2-AB46-DFDC00C1A61C}
		{9EE26FBD-F027-43E5-ADFB-DCC3D97E6B58} = {9EE26FBD-F027-43E5-ADFB-DCC3D97E6B58}
	EndProjectSection
EndProject
Project("{8BC9CEB8-8B4A-11D0-8D11-00A0C91BC942}") = "ProgressBarTest", "ProgressBarTest\ProgressBarTest.vcxproj", "{33ED0160-4E8B-41BD-9752-E954167DAADF}"
	ProjectSection(ProjectDependencies) = postProject
		{1F0BAD05-FD7A-4ED2-AB46-DFDC00C1A61C} = {1F0BAD05-FD7A-4ED2-AB46-DFDC00C1A61C}
		{9EE26FBD-F027-43E5-ADFB-DCC3D97E6B58} = {9EE26FBD-F027-43E5-ADFB-DCC3D97E6B58}
	EndProjectSection
EndProject
Project("{8BC9CEB8-8B4A-11D0-8D11-00A0C91BC942}") = "SliderTest", "SliderTest\SliderTest.vcxproj", "{6E941BF4-8B1D-4711-B970-22F87E747C39}"
	ProjectSection(ProjectDependencies) = postProject
		{1F0BAD05-FD7A-4ED2-AB46-DFDC00C1A61C} = {1F0BAD05-FD7A-4ED2-AB46-DFDC00C1A61C}
		{9EE26FBD-F027-43E5-ADFB-DCC3D97E6B58} = {9EE26FBD-F027-43E5-ADFB-DCC3D97E6B58}
	EndProjectSection
EndProject
Project("{8BC9CEB8-8B4A-11D0-8D11-00A0C91BC942}") = "PlaceholderTest", "PlaceholderTest\PlaceholderTest.vcxproj", "{5D8EA143-A278-443F-B565-B20382697A11}"
	ProjectSection(ProjectDependencies) = postProject
		{1F0BAD05-FD7A-4ED2-AB46-DFDC00C1A61C} = {1F0BAD05-FD7A-4ED2-AB46-DFDC00C1A61C}
		{9EE26FBD-F027-43E5-ADFB-DCC3D97E6B58} = {9EE26FBD-F027-43E5-ADFB-DCC3D97E6B58}
	EndProjectSection
EndProject
Project("{8BC9CEB8-8B4A-11D0-8D11-00A0C91BC942}") = "TileGenerator", "TileGenerator\TileGenerator.vcxproj", "{9C8ACA39-F0A2-44D5-AC21-B93936D98F9E}"
	ProjectSection(ProjectDependencies) = postProject
		{1F0BAD05-FD7A-4ED2-AB46-DFDC00C1A61C} = {1F0BAD05-FD7A-4ED2-AB46-DFDC00C1A61C}
		{9EE26FBD-F027-43E5-ADFB-DCC3D97E6B58} = {9EE26FBD-F027-43E5-ADFB-DCC3D97E6B58}
	EndProjectSection
EndProject
Project("{8BC9CEB8-8B4A-11D0-8D11-00A0C91BC942}") = "light", "..\light\src\light.vcxproj", "{1F0BAD05-FD7A-4ED2-AB46-DFDC00C1A61C}"
EndProject
Global
	GlobalSection(SolutionConfigurationPlatforms) = preSolution
		Debug|Win32 = Debug|Win32
		Release|Win32 = Release|Win32
	EndGlobalSection
	GlobalSection(ProjectConfigurationPlatforms) = postSolution
		{9EE26FBD-F027-43E5-ADFB-DCC3D97E6B58}.Debug|Win32.ActiveCfg = Debug|Win32
		{9EE26FBD-F027-43E5-ADFB-DCC3D97E6B58}.Debug|Win32.Build.0 = Debug|Win32
		{9EE26FBD-F027-43E5-ADFB-DCC3D97E6B58}.Release|Win32.ActiveCfg = Release|Win32
		{9EE26FBD-F027-43E5-ADFB-DCC3D97E6B58}.Release|Win32.Build.0 = Release|Win32
		{18B1E8DA-924A-4D28-A48D-62E618884167}.Debug|Win32.ActiveCfg = Debug|Win32
		{18B1E8DA-924A-4D28-A48D-62E618884167}.Debug|Win32.Build.0 = Debug|Win32
		{18B1E8DA-924A-4D28-A48D-62E618884167}.Release|Win32.ActiveCfg = Release|Win32
		{18B1E8DA-924A-4D28-A48D-62E618884167}.Release|Win32.Build.0 = Release|Win32
		{43215A7B-F11C-44B7-B377-283AC855F300}.Debug|Win32.ActiveCfg = Debug|Win32
		{43215A7B-F11C-44B7-B377-283AC855F300}.Debug|Win32.Build.0 = Debug|Win32
		{43215A7B-F11C-44B7-B377-283AC855F300}.Release|Win32.ActiveCfg = Release|Win32
		{43215A7B-F11C-44B7-B377-283AC855F300}.Release|Win32.Build.0 = Release|Win32
		{71A8DBB6-2530-4BCE-8BA3-FCE3EA139916}.Debug|Win32.ActiveCfg = Debug|Win32
		{71A8DBB6-2530-4BCE-8BA3-FCE3EA139916}.Debug|Win32.Build.0 = Debug|Win32
		{71A8DBB6-2530-4BCE-8BA3-FCE3EA139916}.Release|Win32.ActiveCfg = Release|Win32
		{71A8DBB6-2530-4BCE-8BA3-FCE3EA139916}.Release|Win32.Build.0 = Release|Win32
		{741F17CE-D84F-46A8-AE5A-88C4DF8AF9B7}.Debug|Win32.ActiveCfg = Debug|Win32
		{741F17CE-D84F-46A8-AE5A-88C4DF8AF9B7}.Debug|Win32.Build.0 = Debug|Win32
		{741F17CE-D84F-46A8-AE5A-88C4DF8AF9B7}.Release|Win32.ActiveCfg = Release|Win32
		{741F17CE-D84F-46A8-AE5A-88C4DF8AF9B7}.Release|Win32.Build.0 = Release|Win32
		{2D7132E0-4F9D-42A5-8420-D52782E38F09}.Debug|Win32.ActiveCfg = Debug|Win32
		{2D7132E0-4F9D-42A5-8420-D52782E38F09}.Debug|Win32.Build.0 = Debug|Win32
		{2D7132E0-4F9D-42A5-8420-D52782E38F09}.Release|Win32.ActiveCfg = Release|Win32
		{2D7132E0-4F9D-42A5-8420-D52782E38F09}.Release|Win32.Build.0 = Release|Win32
		{B787B516-EEF2-4EEB-9CEE-B421B0BEEA6F}.Debug|Win32.ActiveCfg = Debug|Win32
		{B787B516-EEF2-4EEB-9CEE-B421B0BEEA6F}.Debug|Win32.Build.0 = Debug|Win32
		{B787B516-EEF2-4EEB-9CEE-B421B0BEEA6F}.Release|Win32.ActiveCfg = Release|Win32
		{B787B516-EEF2-4EEB-9CEE-B421B0BEEA6F}.Release|Win32.Build.0 = Release|Win32
		{0F795592-5C76-42E8-96EC-7B9E21D112F0}.Debug|Win32.ActiveCfg = Debug|Win32
		{0F795592-5C76-42E8-96EC-7B9E21D112F0}.Debug|Win32.Build.0 = Debug|Win32
		{0F795592-5C76-42E8-96EC-7B9E21D112F0}.Release|Win32.ActiveCfg = Release|Win32
		{0F795592-5C76-42E8-96EC-7B9E21D112F0}.Release|Win32.Build.0 = Release|Win32
		{50B110B7-2E0B-4107-A034-9F2C6391B6A2}.Debug|Win32.ActiveCfg = Debug|Win32
		{50B110B7-2E0B-4107-A034-9F2C6391B6A2}.Debug|Win32.Build.0 = Debug|Win32
		{50B110B7-2E0B-4107-A034-9F2C6391B6A2}.Release|Win32.ActiveCfg = Release|Win32
		{50B110B7-2E0B-4107-A034-9F2C6391B6A2}.Release|Win32.Build.0 = Release|Win32
		{BBC8DB77-9128-4A32-B9EC-61A7D25D816F}.Debug|Win32.ActiveCfg = Debug|Win32
		{BBC8DB77-9128-4A32-B9EC-61A7D25D816F}.Debug|Win32.Build.0 = Debug|Win32
		{BBC8DB77-9128-4A32-B9EC-61A7D25D816F}.Release|Win32.ActiveCfg = Release|Win32
		{BBC8DB77-9128-4A32-B9EC-61A7D25D816F}.Release|Win32.Build.0 = Release|Win32
		{CE22F268-5073-4B30-9CC7-2E6FFF00B3C4}.Debug|Win32.ActiveCfg = Debug|Win32
		{CE22F268-5073-4B30-9CC7-2E6FFF00B3C4}.Debug|Win32.Build.0 = Debug|Win32
		{CE22F268-5073-4B30-9CC7-2E6FFF00B3C4}.Release|Win32.ActiveCfg = Release|Win32
		{CE22F268-5073-4B30-9CC7-2E6FFF00B3C4}.Release|Win32.Build.0 = Release|Win32
		{33ED0160-4E8B-41BD-9752-E954167DAADF}.Debug|Win32.ActiveCfg = Debug|Win32
		{33ED0160-4E8B-41BD-9752-E954167DAADF}.Debug|Win32.Build.0 = Debug|Win32
		{33ED0160-4E8B-41BD-9752-E954167DAADF}.Release|Win32.ActiveCfg = Release|Win32
		{33ED0160-4E8B-41BD-9752-E954167DAADF}.Release|Win32.Build.0 = Release|Win32
		{6E941BF4-8B1D-4711-B970-22F87E747C39}.Debug|Win32.ActiveCfg = Debug|Win32
		{6E941BF4-8B1D-4711-B970-22F87E747C39}.Debug|Win32.Build.0 = Debug|Win32
		{6E941BF4-8B1D-4711-B970-22F87E747C39}.Release|Win32.ActiveCfg = Release|Win32
		{6E941BF4-8B1D-4711-B970-22F87E747C39}.Release|Win32.Build.0 = Release|Win32
		{5D8EA143-A278-443F-B565-B20382697A11}.Debug|Win32.ActiveCfg = Debug|Win32
		{5D8EA143-A278-443F-B565-B20382697A11}.Debug|Win32.Build.0 = Debug|Win32
		{5D8EA143-A278-443F-B565-B20382697A11}.Release|Win32.ActiveCfg = Release|Win32
		{5D8EA143-A278-443F-B565-B20382697A11}.Release|Win32.Build.0 = Release|Win32
		{9C8ACA39-F0A2-44D5-AC21-B93936D98F9E}.Debug|Win32.ActiveCfg = Debug|Win32
		{9C8ACA39-F0A2-44D5-AC21-B93936D98F9E}.Debug|Win32.Build.0 = Debug|Win32
		{9C8ACA39-F0A2-44D5-AC21-B93936D98F9E}.Release|Win32.ActiveCfg = Release|Win32
		{9C8ACA39-F0A2-44D5-AC21-B93936D98F9E}.Release|Win32.Build.0 = Release|Win32
		{1F0BAD05-FD7A-4ED2-AB46-DFDC00C1A61C}.Debug|Win32.ActiveCfg = Debug|Win32
		{1F0BAD05-FD7A-4ED2-AB46-DFDC00C1A61C}.Debug|Win32.Build.0 = Debug|Win32
		{1F0BAD05-FD7A-4ED2-AB46-DFDC00C1A61C}.Release|Win32.ActiveCfg = Release|Win32
		{1F0BAD05-FD7A-4ED2-AB46-DFDC00C1A61C}.Release|Win32.Build.0 = Release|Win32
	EndGlobalSection
	GlobalSection(SolutionProperties) = preSolution
		HideSolutionNode = FALSE
	EndGlobalSection
	GlobalSection(SubversionScc) = preSolution
		Svn-Managed = True
		Manager = AnkhSVN - Subversion Support for Visual Studio
	EndGlobalSection
EndGlobal
