
Microsoft Visual Studio Solution File, Format Version 12.00
# Visual Studio 14
VisualStudioVersion = 14.0.24720.0
MinimumVisualStudioVersion = 10.0.40219.1
Project("{8BC9CEB8-8B4A-11D0-8D11-00A0C91BC942}") = "light-excel", "Src\light-excel.vcxproj", "{3016BC8B-06B1-4B12-9EB6-7C03C4C47351}"
EndProject
Project("{8BC9CEB8-8B4A-11D0-8D11-00A0C91BC942}") = "light", "..\light\src\light.vcxproj", "{1F0BAD05-FD7A-4ED2-AB46-DFDC00C1A61C}"
EndProject
Project("{8BC9CEB8-8B4A-11D0-8D11-00A0C91BC942}") = "ExcelToXML", "ExcelToXML\ExcelToXML.vcxproj", "{0D4EB7FA-F368-4C6B-B903-A7BEE74DF4FA}"
	ProjectSection(ProjectDependencies) = postProject
		{1F0BAD05-FD7A-4ED2-AB46-DFDC00C1A61C} = {1F0BAD05-FD7A-4ED2-AB46-DFDC00C1A61C}
		{3016BC8B-06B1-4B12-9EB6-7C03C4C47351} = {3016BC8B-06B1-4B12-9EB6-7C03C4C47351}
	EndProjectSection
EndProject
Project("{8BC9CEB8-8B4A-11D0-8D11-00A0C91BC942}") = "ExcelToCpp", "ExcelToCpp\ExcelToCpp.vcxproj", "{9D2B487B-E958-4B13-9A9C-1B7AE3773393}"
	ProjectSection(ProjectDependencies) = postProject
		{1F0BAD05-FD7A-4ED2-AB46-DFDC00C1A61C} = {1F0BAD05-FD7A-4ED2-AB46-DFDC00C1A61C}
		{3016BC8B-06B1-4B12-9EB6-7C03C4C47351} = {3016BC8B-06B1-4B12-9EB6-7C03C4C47351}
	EndProjectSection
EndProject
Project("{8BC9CEB8-8B4A-11D0-8D11-00A0C91BC942}") = "ExcelToEnum", "ExcelToEnum\ExcelToEnum.vcxproj", "{C7F65267-D3DE-4079-A6E7-4295917B9D63}"
	ProjectSection(ProjectDependencies) = postProject
		{1F0BAD05-FD7A-4ED2-AB46-DFDC00C1A61C} = {1F0BAD05-FD7A-4ED2-AB46-DFDC00C1A61C}
		{3016BC8B-06B1-4B12-9EB6-7C03C4C47351} = {3016BC8B-06B1-4B12-9EB6-7C03C4C47351}
	EndProjectSection
EndProject
Project("{8BC9CEB8-8B4A-11D0-8D11-00A0C91BC942}") = "ExcelToCppTest", "ExcelToCppTest\ExcelToCppTest.vcxproj", "{2C37CD8D-FD1E-4337-B63F-EB2F39ED7CBD}"
	ProjectSection(ProjectDependencies) = postProject
		{1F0BAD05-FD7A-4ED2-AB46-DFDC00C1A61C} = {1F0BAD05-FD7A-4ED2-AB46-DFDC00C1A61C}
		{9D2B487B-E958-4B13-9A9C-1B7AE3773393} = {9D2B487B-E958-4B13-9A9C-1B7AE3773393}
		{3016BC8B-06B1-4B12-9EB6-7C03C4C47351} = {3016BC8B-06B1-4B12-9EB6-7C03C4C47351}
	EndProjectSection
EndProject
Project("{8BC9CEB8-8B4A-11D0-8D11-00A0C91BC942}") = "ExcelToEnumTest", "ExcelToEnumTest\ExcelToEnumTest.vcxproj", "{D8CD6115-55E6-419D-B4EB-385FF22B7222}"
	ProjectSection(ProjectDependencies) = postProject
		{1F0BAD05-FD7A-4ED2-AB46-DFDC00C1A61C} = {1F0BAD05-FD7A-4ED2-AB46-DFDC00C1A61C}
		{C7F65267-D3DE-4079-A6E7-4295917B9D63} = {C7F65267-D3DE-4079-A6E7-4295917B9D63}
		{3016BC8B-06B1-4B12-9EB6-7C03C4C47351} = {3016BC8B-06B1-4B12-9EB6-7C03C4C47351}
	EndProjectSection
EndProject
Project("{8BC9CEB8-8B4A-11D0-8D11-00A0C91BC942}") = "ExcelToXMLTest", "ExcelToXMLTest\ExcelToXMLTest.vcxproj", "{07FE5F52-F947-419D-B936-B4033A2C4251}"
	ProjectSection(ProjectDependencies) = postProject
		{1F0BAD05-FD7A-4ED2-AB46-DFDC00C1A61C} = {1F0BAD05-FD7A-4ED2-AB46-DFDC00C1A61C}
		{3016BC8B-06B1-4B12-9EB6-7C03C4C47351} = {3016BC8B-06B1-4B12-9EB6-7C03C4C47351}
		{0D4EB7FA-F368-4C6B-B903-A7BEE74DF4FA} = {0D4EB7FA-F368-4C6B-B903-A7BEE74DF4FA}
	EndProjectSection
EndProject
Global
	GlobalSection(SolutionConfigurationPlatforms) = preSolution
		Debug|Win32 = Debug|Win32
		Release|Win32 = Release|Win32
	EndGlobalSection
	GlobalSection(ProjectConfigurationPlatforms) = postSolution
		{3016BC8B-06B1-4B12-9EB6-7C03C4C47351}.Debug|Win32.ActiveCfg = Debug|Win32
		{3016BC8B-06B1-4B12-9EB6-7C03C4C47351}.Debug|Win32.Build.0 = Debug|Win32
		{3016BC8B-06B1-4B12-9EB6-7C03C4C47351}.Release|Win32.ActiveCfg = Release|Win32
		{3016BC8B-06B1-4B12-9EB6-7C03C4C47351}.Release|Win32.Build.0 = Release|Win32
		{1F0BAD05-FD7A-4ED2-AB46-DFDC00C1A61C}.Debug|Win32.ActiveCfg = Debug|Win32
		{1F0BAD05-FD7A-4ED2-AB46-DFDC00C1A61C}.Debug|Win32.Build.0 = Debug|Win32
		{1F0BAD05-FD7A-4ED2-AB46-DFDC00C1A61C}.Release|Win32.ActiveCfg = Release|Win32
		{1F0BAD05-FD7A-4ED2-AB46-DFDC00C1A61C}.Release|Win32.Build.0 = Release|Win32
		{0D4EB7FA-F368-4C6B-B903-A7BEE74DF4FA}.Debug|Win32.ActiveCfg = Debug|Win32
		{0D4EB7FA-F368-4C6B-B903-A7BEE74DF4FA}.Debug|Win32.Build.0 = Debug|Win32
		{0D4EB7FA-F368-4C6B-B903-A7BEE74DF4FA}.Release|Win32.ActiveCfg = Release|Win32
		{0D4EB7FA-F368-4C6B-B903-A7BEE74DF4FA}.Release|Win32.Build.0 = Release|Win32
		{9D2B487B-E958-4B13-9A9C-1B7AE3773393}.Debug|Win32.ActiveCfg = Debug|Win32
		{9D2B487B-E958-4B13-9A9C-1B7AE3773393}.Debug|Win32.Build.0 = Debug|Win32
		{9D2B487B-E958-4B13-9A9C-1B7AE3773393}.Release|Win32.ActiveCfg = Release|Win32
		{9D2B487B-E958-4B13-9A9C-1B7AE3773393}.Release|Win32.Build.0 = Release|Win32
		{C7F65267-D3DE-4079-A6E7-4295917B9D63}.Debug|Win32.ActiveCfg = Debug|Win32
		{C7F65267-D3DE-4079-A6E7-4295917B9D63}.Debug|Win32.Build.0 = Debug|Win32
		{C7F65267-D3DE-4079-A6E7-4295917B9D63}.Release|Win32.ActiveCfg = Release|Win32
		{C7F65267-D3DE-4079-A6E7-4295917B9D63}.Release|Win32.Build.0 = Release|Win32
		{2C37CD8D-FD1E-4337-B63F-EB2F39ED7CBD}.Debug|Win32.ActiveCfg = Debug|Win32
		{2C37CD8D-FD1E-4337-B63F-EB2F39ED7CBD}.Debug|Win32.Build.0 = Debug|Win32
		{2C37CD8D-FD1E-4337-B63F-EB2F39ED7CBD}.Release|Win32.ActiveCfg = Release|Win32
		{2C37CD8D-FD1E-4337-B63F-EB2F39ED7CBD}.Release|Win32.Build.0 = Release|Win32
		{D8CD6115-55E6-419D-B4EB-385FF22B7222}.Debug|Win32.ActiveCfg = Debug|Win32
		{D8CD6115-55E6-419D-B4EB-385FF22B7222}.Debug|Win32.Build.0 = Debug|Win32
		{D8CD6115-55E6-419D-B4EB-385FF22B7222}.Release|Win32.ActiveCfg = Release|Win32
		{D8CD6115-55E6-419D-B4EB-385FF22B7222}.Release|Win32.Build.0 = Release|Win32
		{07FE5F52-F947-419D-B936-B4033A2C4251}.Debug|Win32.ActiveCfg = Debug|Win32
		{07FE5F52-F947-419D-B936-B4033A2C4251}.Debug|Win32.Build.0 = Debug|Win32
		{07FE5F52-F947-419D-B936-B4033A2C4251}.Release|Win32.ActiveCfg = Release|Win32
		{07FE5F52-F947-419D-B936-B4033A2C4251}.Release|Win32.Build.0 = Release|Win32
	EndGlobalSection
	GlobalSection(SolutionProperties) = preSolution
		HideSolutionNode = FALSE
	EndGlobalSection
EndGlobal
