<?xml version="1.0" encoding="utf-8"?>
<Project ToolsVersion="4.0" xmlns="http://schemas.microsoft.com/developer/msbuild/2003">
  <ItemGroup>
    <Filter Include="Source Files">
      <UniqueIdentifier>{c5dc5bbf-3b6a-4a86-b157-24008dafe690}</UniqueIdentifier>
      <Extensions>cpp;c;cc;cxx;def;odl;idl;hpj;bat;asm;asmx</Extensions>
    </Filter>
    <Filter Include="Header Files">
      <UniqueIdentifier>{f0cdeedf-0b61-4593-beab-bbf353b1976b}</UniqueIdentifier>
      <Extensions>h;hpp;hxx;hm;inl;inc;xsd</Extensions>
    </Filter>
    <Filter Include="Resource Files">
      <UniqueIdentifier>{baa8feca-88cb-44a6-ab45-8f8369441f54}</UniqueIdentifier>
      <Extensions>rc;ico;cur;bmp;dlg;rc2;rct;bin;rgs;gif;jpg;jpeg;jpe;resx;tiff;tif;png;wav</Extensions>
    </Filter>
    <Filter Include="Test">
      <UniqueIdentifier>{010993c2-9450-435b-8106-670d3cb4a419}</UniqueIdentifier>
    </Filter>
  </ItemGroup>
  <ItemGroup>
    <ClCompile Include="stdafx.cpp">
      <Filter>Source Files</Filter>
    </ClCompile>
    <ClCompile Include="BitOperatorTest.cpp">
      <Filter>Test</Filter>
    </ClCompile>
    <ClCompile Include="AnyPtrTest.cpp">
      <Filter>Test</Filter>
    </ClCompile>
    <ClCompile Include="ArrayTest.cpp">
      <Filter>Test</Filter>
    </ClCompile>
    <ClCompile Include="DispatcherTest.cpp">
      <Filter>Test</Filter>
    </ClCompile>
    <ClCompile Include="DoubleQueueTest.cpp">
      <Filter>Test</Filter>
    </ClCompile>
    <ClCompile Include="FactoryTest.cpp">
      <Filter>Test</Filter>
    </ClCompile>
    <ClCompile Include="InterpolationTest.cpp">
      <Filter>Test</Filter>
    </ClCompile>
    <ClCompile Include="LinearBufferTest.cpp">
      <Filter>Test</Filter>
    </ClCompile>
    <ClCompile Include="ListTest.cpp">
      <Filter>Test</Filter>
    </ClCompile>
    <ClCompile Include="MacroTest.cpp">
      <Filter>Test</Filter>
    </ClCompile>
    <ClCompile Include="Matrix3Test.cpp">
      <Filter>Test</Filter>
    </ClCompile>
    <ClCompile Include="Matrix4Test.cpp">
      <Filter>Test</Filter>
    </ClCompile>
    <ClCompile Include="MinidumpTest.cpp">
      <Filter>Test</Filter>
    </ClCompile>
    <ClCompile Include="PerfomanceCounterTest.cpp">
      <Filter>Test</Filter>
    </ClCompile>
    <ClCompile Include="PhysicsTest.cpp">
      <Filter>Test</Filter>
    </ClCompile>
    <ClCompile Include="PositionTest.cpp">
      <Filter>Test</Filter>
    </ClCompile>
    <ClCompile Include="QueueTest.cpp">
      <Filter>Test</Filter>
    </ClCompile>
    <ClCompile Include="RandomTableTest.cpp">
      <Filter>Test</Filter>
    </ClCompile>
    <ClCompile Include="RandomTest.cpp">
      <Filter>Test</Filter>
    </ClCompile>
    <ClCompile Include="StackTest.cpp">
      <Filter>Test</Filter>
    </ClCompile>
    <ClCompile Include="StatisticsTest.cpp">
      <Filter>Test</Filter>
    </ClCompile>
    <ClCompile Include="StrTest.cpp">
      <Filter>Test</Filter>
    </ClCompile>
    <ClCompile Include="ThreadSafeObjectTest.cpp">
      <Filter>Test</Filter>
    </ClCompile>
    <ClCompile Include="VectorTest.cpp">
      <Filter>Test</Filter>
    </ClCompile>
    <ClCompile Include="MemoryUtilTest.cpp">
      <Filter>Test</Filter>
    </ClCompile>
    <ClCompile Include="SmartSingletonTest.cpp">
      <Filter>Test</Filter>
    </ClCompile>
    <ClCompile Include="Vector3DTest.cpp">
      <Filter>Test</Filter>
    </ClCompile>
    <ClCompile Include="FileUtilTest.cpp">
      <Filter>Test</Filter>
    </ClCompile>
    <ClCompile Include="FileStreamTest.cpp">
      <Filter>Test</Filter>
    </ClCompile>
    <ClCompile Include="MTRandTest.cpp">
      <Filter>Test</Filter>
    </ClCompile>
    <ClCompile Include="MarkUpTest.cpp">
      <Filter>Test</Filter>
    </ClCompile>
    <ClCompile Include="XMLWriterTest.cpp">
      <Filter>Test</Filter>
    </ClCompile>
    <ClCompile Include="StreamTest.cpp">
      <Filter>Test</Filter>
    </ClCompile>
    <ClCompile Include="CppCodeGeneratorTest.cpp">
      <Filter>Test</Filter>
    </ClCompile>
    <ClCompile Include="OwningPtrTest.cpp">
      <Filter>Test</Filter>
    </ClCompile>
    <ClCompile Include="WeakPtrTest.cpp">
      <Filter>Test</Filter>
    </ClCompile>
    <ClCompile Include="lightUnitTest.cpp">
      <Filter>Source Files</Filter>
    </ClCompile>
    <ClCompile Include="BoostMultiIndexTest.cpp">
      <Filter>Test</Filter>
    </ClCompile>
    <ClCompile Include="SystemUtilTest.cpp">
      <Filter>Test</Filter>
    </ClCompile>
    <ClCompile Include="BoostPoolTest.cpp">
      <Filter>Test</Filter>
    </ClCompile>
    <ClCompile Include="BoostRandomTest.cpp">
      <Filter>Test</Filter>
    </ClCompile>
    <ClCompile Include="ChainingTest.cpp">
      <Filter>Test</Filter>
    </ClCompile>
    <ClCompile Include="ProfilerTest.cpp">
      <Filter>Test</Filter>
    </ClCompile>
    <ClCompile Include="ReloadContainerTest.cpp">
      <Filter>Test</Filter>
    </ClCompile>
    <ClCompile Include="FSMTest.cpp">
      <Filter>Test</Filter>
    </ClCompile>
    <ClCompile Include="TickTest.cpp">
      <Filter>Test</Filter>
    </ClCompile>
    <ClCompile Include="XMLParserTest.cpp">
      <Filter>Test</Filter>
    </ClCompile>
    <ClCompile Include="CommandLineArgumentsTest.cpp">
      <Filter>Test</Filter>
    </ClCompile>
    <ClCompile Include="UniquePtrTest.cpp">
      <Filter>Test</Filter>
    </ClCompile>
    <ClCompile Include="SerializerTest.cpp">
      <Filter>Test</Filter>
    </ClCompile>
  </ItemGroup>
  <ItemGroup>
    <ClInclude Include="stdafx.h">
      <Filter>Header Files</Filter>
    </ClInclude>
  </ItemGroup>
</Project>